
Microsoft Visual Studio Solution File, Format Version 12.00
# Visual Studio Version 17
VisualStudioVersion = 17.7.34221.43
MinimumVisualStudioVersion = 10.0.40219.1
Project("{9A19103F-16F7-4668-BE54-9A1E7A4F7556}") = "minimalAPI", "minimalAPI\minimalAPI.csproj", "{B5BC42C2-6265-4B80-8853-F4D244106B8D}"
EndProject
Project("{00D1A9C2-B5F0-4AF3-8072-F6C62B433612}") = "UserDB", "UserDB\UserDB.sqlproj", "{E7D54D5B-DF3E-4E7E-8293-18F632705785}"
EndProject
Project("{FAE04EC0-301F-11D3-BF4B-00C04F79EFBC}") = "DataAccess", "DataAccess\DataAccess.csproj", "{9F82D97E-0FC5-4F22-9113-134BA0ABC5E1}"
EndProject
Global
	GlobalSection(SolutionConfigurationPlatforms) = preSolution
		Debug|Any CPU = Debug|Any CPU
		Release|Any CPU = Release|Any CPU
	EndGlobalSection
	GlobalSection(ProjectConfigurationPlatforms) = postSolution
		{B5BC42C2-6265-4B80-8853-F4D244106B8D}.Debug|Any CPU.ActiveCfg = Debug|Any CPU
		{B5BC42C2-6265-4B80-8853-F4D244106B8D}.Debug|Any CPU.Build.0 = Debug|Any CPU
		{B5BC42C2-6265-4B80-8853-F4D244106B8D}.Release|Any CPU.ActiveCfg = Release|Any CPU
		{B5BC42C2-6265-4B80-8853-F4D244106B8D}.Release|Any CPU.Build.0 = Release|Any CPU
		{E7D54D5B-DF3E-4E7E-8293-18F632705785}.Debug|Any CPU.ActiveCfg = Debug|Any CPU
		{E7D54D5B-DF3E-4E7E-8293-18F632705785}.Debug|Any CPU.Build.0 = Debug|Any CPU
		{E7D54D5B-DF3E-4E7E-8293-18F632705785}.Debug|Any CPU.Deploy.0 = Debug|Any CPU
		{E7D54D5B-DF3E-4E7E-8293-18F632705785}.Release|Any CPU.ActiveCfg = Release|Any CPU
		{E7D54D5B-DF3E-4E7E-8293-18F632705785}.Release|Any CPU.Build.0 = Release|Any CPU
		{E7D54D5B-DF3E-4E7E-8293-18F632705785}.Release|Any CPU.Deploy.0 = Release|Any CPU
		{9F82D97E-0FC5-4F22-9113-134BA0ABC5E1}.Debug|Any CPU.ActiveCfg = Debug|Any CPU
		{9F82D97E-0FC5-4F22-9113-134BA0ABC5E1}.Debug|Any CPU.Build.0 = Debug|Any CPU
		{9F82D97E-0FC5-4F22-9113-134BA0ABC5E1}.Release|Any CPU.ActiveCfg = Release|Any CPU
		{9F82D97E-0FC5-4F22-9113-134BA0ABC5E1}.Release|Any CPU.Build.0 = Release|Any CPU
	EndGlobalSection
	GlobalSection(SolutionProperties) = preSolution
		HideSolutionNode = FALSE
	EndGlobalSection
	GlobalSection(ExtensibilityGlobals) = postSolution
		SolutionGuid = {BD2FE861-C98C-42C0-8E86-2BDC8619541D}
	EndGlobalSection
EndGlobal
